
Microsoft Visual Studio Solution File, Format Version 12.00
# Visual Studio Version 17
VisualStudioVersion = 17.7.34009.444
MinimumVisualStudioVersion = 10.0.40219.1
Project("{9A19103F-16F7-4668-BE54-9A1E7A4F7556}") = "NLayer.Core", "NLayer.Core\NLayer.Core.csproj", "{E12C7110-939C-4E7C-9F1C-0410C5A1C8C7}"
EndProject
Project("{9A19103F-16F7-4668-BE54-9A1E7A4F7556}") = "NLayer.Repository", "NLayer.Repository\NLayer.Repository.csproj", "{E212BE26-0C17-4FD0-A6B6-C5AA8026BA3F}"
EndProject
Project("{9A19103F-16F7-4668-BE54-9A1E7A4F7556}") = "NLayer.Service", "NLayer.Service\NLayer.Service.csproj", "{915ADAF9-B7CE-4393-B407-6C45C83A19A8}"
EndProject
Project("{9A19103F-16F7-4668-BE54-9A1E7A4F7556}") = "NLayer.API", "NLayer.API\NLayer.API.csproj", "{94440781-FF76-446D-9606-D9822FD960F2}"
EndProject
Project("{9A19103F-16F7-4668-BE54-9A1E7A4F7556}") = "NLayer.Caching", "NLayer.Caching\NLayer.Caching.csproj", "{9BC1F954-7A41-43CF-A5A0-70BE94CD2728}"
EndProject
Global
	GlobalSection(SolutionConfigurationPlatforms) = preSolution
		Debug|Any CPU = Debug|Any CPU
		Release|Any CPU = Release|Any CPU
	EndGlobalSection
	GlobalSection(ProjectConfigurationPlatforms) = postSolution
		{E12C7110-939C-4E7C-9F1C-0410C5A1C8C7}.Debug|Any CPU.ActiveCfg = Debug|Any CPU
		{E12C7110-939C-4E7C-9F1C-0410C5A1C8C7}.Debug|Any CPU.Build.0 = Debug|Any CPU
		{E12C7110-939C-4E7C-9F1C-0410C5A1C8C7}.Release|Any CPU.ActiveCfg = Release|Any CPU
		{E12C7110-939C-4E7C-9F1C-0410C5A1C8C7}.Release|Any CPU.Build.0 = Release|Any CPU
		{E212BE26-0C17-4FD0-A6B6-C5AA8026BA3F}.Debug|Any CPU.ActiveCfg = Debug|Any CPU
		{E212BE26-0C17-4FD0-A6B6-C5AA8026BA3F}.Debug|Any CPU.Build.0 = Debug|Any CPU
		{E212BE26-0C17-4FD0-A6B6-C5AA8026BA3F}.Release|Any CPU.ActiveCfg = Release|Any CPU
		{E212BE26-0C17-4FD0-A6B6-C5AA8026BA3F}.Release|Any CPU.Build.0 = Release|Any CPU
		{915ADAF9-B7CE-4393-B407-6C45C83A19A8}.Debug|Any CPU.ActiveCfg = Debug|Any CPU
		{915ADAF9-B7CE-4393-B407-6C45C83A19A8}.Debug|Any CPU.Build.0 = Debug|Any CPU
		{915ADAF9-B7CE-4393-B407-6C45C83A19A8}.Release|Any CPU.ActiveCfg = Release|Any CPU
		{915ADAF9-B7CE-4393-B407-6C45C83A19A8}.Release|Any CPU.Build.0 = Release|Any CPU
		{94440781-FF76-446D-9606-D9822FD960F2}.Debug|Any CPU.ActiveCfg = Debug|Any CPU
		{94440781-FF76-446D-9606-D9822FD960F2}.Debug|Any CPU.Build.0 = Debug|Any CPU
		{94440781-FF76-446D-9606-D9822FD960F2}.Release|Any CPU.ActiveCfg = Release|Any CPU
		{94440781-FF76-446D-9606-D9822FD960F2}.Release|Any CPU.Build.0 = Release|Any CPU
		{9BC1F954-7A41-43CF-A5A0-70BE94CD2728}.Debug|Any CPU.ActiveCfg = Debug|Any CPU
		{9BC1F954-7A41-43CF-A5A0-70BE94CD2728}.Debug|Any CPU.Build.0 = Debug|Any CPU
		{9BC1F954-7A41-43CF-A5A0-70BE94CD2728}.Release|Any CPU.ActiveCfg = Release|Any CPU
		{9BC1F954-7A41-43CF-A5A0-70BE94CD2728}.Release|Any CPU.Build.0 = Release|Any CPU
	EndGlobalSection
	GlobalSection(SolutionProperties) = preSolution
		HideSolutionNode = FALSE
	EndGlobalSection
	GlobalSection(ExtensibilityGlobals) = postSolution
		SolutionGuid = {33219F24-EF4F-44EB-ABC0-8FB563C0F51B}
	EndGlobalSection
EndGlobal
